
Microsoft Visual Studio Solution File, Format Version 12.00
# Visual Studio 2012
Project("{FAE04EC0-301F-11D3-BF4B-00C04F79EFBC}") = "BasicRequireJS", "BasicRequireJS\BasicRequireJS.csproj", "{037BA443-CD9F-43AE-9D72-A7BCA611E3CF}"
EndProject
Global
	GlobalSection(SolutionConfigurationPlatforms) = preSolution
		Debug|Any CPU = Debug|Any CPU
		Release|Any CPU = Release|Any CPU
	EndGlobalSection
	GlobalSection(ProjectConfigurationPlatforms) = postSolution
		{037BA443-CD9F-43AE-9D72-A7BCA611E3CF}.Debug|Any CPU.ActiveCfg = Debug|Any CPU
		{037BA443-CD9F-43AE-9D72-A7BCA611E3CF}.Debug|Any CPU.Build.0 = Debug|Any CPU
		{037BA443-CD9F-43AE-9D72-A7BCA611E3CF}.Release|Any CPU.ActiveCfg = Release|Any CPU
		{037BA443-CD9F-43AE-9D72-A7BCA611E3CF}.Release|Any CPU.Build.0 = Release|Any CPU
	EndGlobalSection
	GlobalSection(SolutionProperties) = preSolution
		HideSolutionNode = FALSE
	EndGlobalSection
EndGlobal
