
Microsoft Visual Studio Solution File, Format Version 12.00
# Visual Studio 2012
Project("{FAE04EC0-301F-11D3-BF4B-00C04F79EFBC}") = "CinemaCommon", "Cinema.Common\CinemaCommon.csproj", "{69785631-D430-48C3-A22B-4FF4336FE8D8}"
EndProject
Project("{FAE04EC0-301F-11D3-BF4B-00C04F79EFBC}") = "CinemaMvc", "CinemaMvc\CinemaMvc.csproj", "{15412114-79F9-4FE8-9802-778A291F3362}"
EndProject
Project("{2150E333-8FDC-42A3-9474-1A3956D46DE8}") = ".nuget", ".nuget", "{EB35E8AA-39CB-49EC-B643-CB29C778ADA9}"
	ProjectSection(SolutionItems) = preProject
		.nuget\NuGet.Config = .nuget\NuGet.Config
		.nuget\NuGet.exe = .nuget\NuGet.exe
		.nuget\NuGet.targets = .nuget\NuGet.targets
	EndProjectSection
EndProject
Global
	GlobalSection(SolutionConfigurationPlatforms) = preSolution
		Debug|Any CPU = Debug|Any CPU
		Release|Any CPU = Release|Any CPU
	EndGlobalSection
	GlobalSection(ProjectConfigurationPlatforms) = postSolution
		{69785631-D430-48C3-A22B-4FF4336FE8D8}.Debug|Any CPU.ActiveCfg = Debug|Any CPU
		{69785631-D430-48C3-A22B-4FF4336FE8D8}.Debug|Any CPU.Build.0 = Debug|Any CPU
		{69785631-D430-48C3-A22B-4FF4336FE8D8}.Release|Any CPU.ActiveCfg = Release|Any CPU
		{69785631-D430-48C3-A22B-4FF4336FE8D8}.Release|Any CPU.Build.0 = Release|Any CPU
		{15412114-79F9-4FE8-9802-778A291F3362}.Debug|Any CPU.ActiveCfg = Debug|Any CPU
		{15412114-79F9-4FE8-9802-778A291F3362}.Debug|Any CPU.Build.0 = Debug|Any CPU
		{15412114-79F9-4FE8-9802-778A291F3362}.Release|Any CPU.ActiveCfg = Release|Any CPU
		{15412114-79F9-4FE8-9802-778A291F3362}.Release|Any CPU.Build.0 = Release|Any CPU
	EndGlobalSection
	GlobalSection(SolutionProperties) = preSolution
		HideSolutionNode = FALSE
	EndGlobalSection
EndGlobal
